// !$*UTF8*$!
{
	archiveVersion = 1;
	classes = {
	};
	objectVersion = 46;
	objects = {

/* Begin PBXBuildFile section */
		1ABA6B4A81346F4603B97E6C /* libPods-Twtr.a in Frameworks */ = {isa = PBXBuildFile; fileRef = DA6EAF0DE776A9015A60F6DF /* libPods-Twtr.a */; };
		2605D65A3DF5E2397A7AF8B3 /* libPods-TwtrTests.a in Frameworks */ = {isa = PBXBuildFile; fileRef = CDC1B33C427D3F1352111B58 /* libPods-TwtrTests.a */; };
		A092E6AC1E3FBE22008D43DB /* main.m in Sources */ = {isa = PBXBuildFile; fileRef = A092E6AB1E3FBE22008D43DB /* main.m */; };
		A092E6AF1E3FBE22008D43DB /* AppDelegate.m in Sources */ = {isa = PBXBuildFile; fileRef = A092E6AE1E3FBE22008D43DB /* AppDelegate.m */; };
		A092E6B71E3FBE22008D43DB /* Assets.xcassets in Resources */ = {isa = PBXBuildFile; fileRef = A092E6B61E3FBE22008D43DB /* Assets.xcassets */; };
		A092E6BA1E3FBE22008D43DB /* LaunchScreen.storyboard in Resources */ = {isa = PBXBuildFile; fileRef = A092E6B81E3FBE22008D43DB /* LaunchScreen.storyboard */; };
		A092E6C51E3FBE22008D43DB /* TwtrTests.m in Sources */ = {isa = PBXBuildFile; fileRef = A092E6C41E3FBE22008D43DB /* TwtrTests.m */; };
		A092E6D01E3FBE22008D43DB /* TwtrUITests.m in Sources */ = {isa = PBXBuildFile; fileRef = A092E6CF1E3FBE22008D43DB /* TwtrUITests.m */; };
		A092E6E51E3FC3CC008D43DB /* TWListViewController.m in Sources */ = {isa = PBXBuildFile; fileRef = A092E6E31E3FC3CC008D43DB /* TWListViewController.m */; };
		A092E6E61E3FC3CC008D43DB /* TWListViewController.xib in Resources */ = {isa = PBXBuildFile; fileRef = A092E6E41E3FC3CC008D43DB /* TWListViewController.xib */; };
		A092E6EA1E3FC821008D43DB /* TWTableViewCell.m in Sources */ = {isa = PBXBuildFile; fileRef = A092E6E81E3FC821008D43DB /* TWTableViewCell.m */; };
		A092E6EB1E3FC821008D43DB /* TWTableViewCell.xib in Resources */ = {isa = PBXBuildFile; fileRef = A092E6E91E3FC821008D43DB /* TWTableViewCell.xib */; };
		A092E6EF1E3FF264008D43DB /* TWLoginViewController.m in Sources */ = {isa = PBXBuildFile; fileRef = A092E6ED1E3FF264008D43DB /* TWLoginViewController.m */; };
		A092E6F01E3FF264008D43DB /* TWLoginViewController.xib in Resources */ = {isa = PBXBuildFile; fileRef = A092E6EE1E3FF264008D43DB /* TWLoginViewController.xib */; };
		A092E6F31E3FF3D3008D43DB /* TWTwitterClient.m in Sources */ = {isa = PBXBuildFile; fileRef = A092E6F21E3FF3D3008D43DB /* TWTwitterClient.m */; };
		A0C651BA1E40068E00679C97 /* TWUser.m in Sources */ = {isa = PBXBuildFile; fileRef = A0C651B91E40068E00679C97 /* TWUser.m */; };
		A0C651BD1E4006A200679C97 /* TWTweet.m in Sources */ = {isa = PBXBuildFile; fileRef = A0C651BC1E4006A200679C97 /* TWTweet.m */; };
		A0CD53AB1E41669700B19507 /* TWComposeViewController.m in Sources */ = {isa = PBXBuildFile; fileRef = A0CD53A91E41669700B19507 /* TWComposeViewController.m */; };
		A0CD53AC1E41669700B19507 /* TWComposeViewController.xib in Resources */ = {isa = PBXBuildFile; fileRef = A0CD53AA1E41669700B19507 /* TWComposeViewController.xib */; };
		A0CD53EF1E428B5100B19507 /* TWDetailViewController.m in Sources */ = {isa = PBXBuildFile; fileRef = A0CD53ED1E428B5100B19507 /* TWDetailViewController.m */; };
		A0CD53F01E428B5100B19507 /* TWDetailViewController.xib in Resources */ = {isa = PBXBuildFile; fileRef = A0CD53EE1E428B5100B19507 /* TWDetailViewController.xib */; };
		A0CD53F31E42B1CC00B19507 /* TWNavigationManager.m in Sources */ = {isa = PBXBuildFile; fileRef = A0CD53F21E42B1CC00B19507 /* TWNavigationManager.m */; };
		C5CC71F96751EC7F572E7E9E /* libPods-TwtrUITests.a in Frameworks */ = {isa = PBXBuildFile; fileRef = 22E6C1B4242AA7AF306D382B /* libPods-TwtrUITests.a */; };
/* End PBXBuildFile section */

/* Begin PBXContainerItemProxy section */
		A092E6C11E3FBE22008D43DB /* PBXContainerItemProxy */ = {
			isa = PBXContainerItemProxy;
			containerPortal = A092E69F1E3FBE22008D43DB /* Project object */;
			proxyType = 1;
			remoteGlobalIDString = A092E6A61E3FBE22008D43DB;
			remoteInfo = Twtr;
		};
		A092E6CC1E3FBE22008D43DB /* PBXContainerItemProxy */ = {
			isa = PBXContainerItemProxy;
			containerPortal = A092E69F1E3FBE22008D43DB /* Project object */;
			proxyType = 1;
			remoteGlobalIDString = A092E6A61E3FBE22008D43DB;
			remoteInfo = Twtr;
		};
/* End PBXContainerItemProxy section */

/* Begin PBXFileReference section */
		1D8A213443624EA5A0750970 /* Pods-TwtrUITests.release.xcconfig */ = {isa = PBXFileReference; includeInIndex = 1; lastKnownFileType = text.xcconfig; name = "Pods-TwtrUITests.release.xcconfig"; path = "Pods/Target Support Files/Pods-TwtrUITests/Pods-TwtrUITests.release.xcconfig"; sourceTree = "<group>"; };
		22E6C1B4242AA7AF306D382B /* libPods-TwtrUITests.a */ = {isa = PBXFileReference; explicitFileType = archive.ar; includeInIndex = 0; path = "libPods-TwtrUITests.a"; sourceTree = BUILT_PRODUCTS_DIR; };
		2A76C048204BC8FAB203DE2B /* Pods-Twtr.release.xcconfig */ = {isa = PBXFileReference; includeInIndex = 1; lastKnownFileType = text.xcconfig; name = "Pods-Twtr.release.xcconfig"; path = "Pods/Target Support Files/Pods-Twtr/Pods-Twtr.release.xcconfig"; sourceTree = "<group>"; };
		35F7715F18F6E2AA1B9E183C /* Pods-TwtrTests.release.xcconfig */ = {isa = PBXFileReference; includeInIndex = 1; lastKnownFileType = text.xcconfig; name = "Pods-TwtrTests.release.xcconfig"; path = "Pods/Target Support Files/Pods-TwtrTests/Pods-TwtrTests.release.xcconfig"; sourceTree = "<group>"; };
		9AC7EE9848D33C02A2281D3C /* Pods-TwtrTests.debug.xcconfig */ = {isa = PBXFileReference; includeInIndex = 1; lastKnownFileType = text.xcconfig; name = "Pods-TwtrTests.debug.xcconfig"; path = "Pods/Target Support Files/Pods-TwtrTests/Pods-TwtrTests.debug.xcconfig"; sourceTree = "<group>"; };
		A092E6A71E3FBE22008D43DB /* Twtr.app */ = {isa = PBXFileReference; explicitFileType = wrapper.application; includeInIndex = 0; path = Twtr.app; sourceTree = BUILT_PRODUCTS_DIR; };
		A092E6AB1E3FBE22008D43DB /* main.m */ = {isa = PBXFileReference; lastKnownFileType = sourcecode.c.objc; path = main.m; sourceTree = "<group>"; };
		A092E6AD1E3FBE22008D43DB /* AppDelegate.h */ = {isa = PBXFileReference; lastKnownFileType = sourcecode.c.h; path = AppDelegate.h; sourceTree = "<group>"; };
		A092E6AE1E3FBE22008D43DB /* AppDelegate.m */ = {isa = PBXFileReference; lastKnownFileType = sourcecode.c.objc; path = AppDelegate.m; sourceTree = "<group>"; };
		A092E6B61E3FBE22008D43DB /* Assets.xcassets */ = {isa = PBXFileReference; lastKnownFileType = folder.assetcatalog; path = Assets.xcassets; sourceTree = "<group>"; };
		A092E6B91E3FBE22008D43DB /* Base */ = {isa = PBXFileReference; lastKnownFileType = file.storyboard; name = Base; path = Base.lproj/LaunchScreen.storyboard; sourceTree = "<group>"; };
		A092E6BB1E3FBE22008D43DB /* Info.plist */ = {isa = PBXFileReference; lastKnownFileType = text.plist.xml; path = Info.plist; sourceTree = "<group>"; };
		A092E6C01E3FBE22008D43DB /* TwtrTests.xctest */ = {isa = PBXFileReference; explicitFileType = wrapper.cfbundle; includeInIndex = 0; path = TwtrTests.xctest; sourceTree = BUILT_PRODUCTS_DIR; };
		A092E6C41E3FBE22008D43DB /* TwtrTests.m */ = {isa = PBXFileReference; lastKnownFileType = sourcecode.c.objc; path = TwtrTests.m; sourceTree = "<group>"; };
		A092E6C61E3FBE22008D43DB /* Info.plist */ = {isa = PBXFileReference; lastKnownFileType = text.plist.xml; path = Info.plist; sourceTree = "<group>"; };
		A092E6CB1E3FBE22008D43DB /* TwtrUITests.xctest */ = {isa = PBXFileReference; explicitFileType = wrapper.cfbundle; includeInIndex = 0; path = TwtrUITests.xctest; sourceTree = BUILT_PRODUCTS_DIR; };
		A092E6CF1E3FBE22008D43DB /* TwtrUITests.m */ = {isa = PBXFileReference; lastKnownFileType = sourcecode.c.objc; path = TwtrUITests.m; sourceTree = "<group>"; };
		A092E6D11E3FBE22008D43DB /* Info.plist */ = {isa = PBXFileReference; lastKnownFileType = text.plist.xml; path = Info.plist; sourceTree = "<group>"; };
		A092E6E21E3FC3CC008D43DB /* TWListViewController.h */ = {isa = PBXFileReference; fileEncoding = 4; lastKnownFileType = sourcecode.c.h; name = TWListViewController.h; path = Twtr/TWListViewController.h; sourceTree = "<group>"; };
		A092E6E31E3FC3CC008D43DB /* TWListViewController.m */ = {isa = PBXFileReference; fileEncoding = 4; lastKnownFileType = sourcecode.c.objc; name = TWListViewController.m; path = Twtr/TWListViewController.m; sourceTree = "<group>"; };
		A092E6E41E3FC3CC008D43DB /* TWListViewController.xib */ = {isa = PBXFileReference; fileEncoding = 4; lastKnownFileType = file.xib; name = TWListViewController.xib; path = Twtr/TWListViewController.xib; sourceTree = "<group>"; };
		A092E6E71E3FC821008D43DB /* TWTableViewCell.h */ = {isa = PBXFileReference; fileEncoding = 4; lastKnownFileType = sourcecode.c.h; name = TWTableViewCell.h; path = Twtr/TWTableViewCell.h; sourceTree = "<group>"; };
		A092E6E81E3FC821008D43DB /* TWTableViewCell.m */ = {isa = PBXFileReference; fileEncoding = 4; lastKnownFileType = sourcecode.c.objc; name = TWTableViewCell.m; path = Twtr/TWTableViewCell.m; sourceTree = "<group>"; };
		A092E6E91E3FC821008D43DB /* TWTableViewCell.xib */ = {isa = PBXFileReference; fileEncoding = 4; lastKnownFileType = file.xib; name = TWTableViewCell.xib; path = Twtr/TWTableViewCell.xib; sourceTree = "<group>"; };
		A092E6EC1E3FF264008D43DB /* TWLoginViewController.h */ = {isa = PBXFileReference; fileEncoding = 4; lastKnownFileType = sourcecode.c.h; name = TWLoginViewController.h; path = Twtr/TWLoginViewController.h; sourceTree = "<group>"; };
		A092E6ED1E3FF264008D43DB /* TWLoginViewController.m */ = {isa = PBXFileReference; fileEncoding = 4; lastKnownFileType = sourcecode.c.objc; name = TWLoginViewController.m; path = Twtr/TWLoginViewController.m; sourceTree = "<group>"; };
		A092E6EE1E3FF264008D43DB /* TWLoginViewController.xib */ = {isa = PBXFileReference; fileEncoding = 4; lastKnownFileType = file.xib; name = TWLoginViewController.xib; path = Twtr/TWLoginViewController.xib; sourceTree = "<group>"; };
		A092E6F11E3FF3D3008D43DB /* TWTwitterClient.h */ = {isa = PBXFileReference; fileEncoding = 4; lastKnownFileType = sourcecode.c.h; name = TWTwitterClient.h; path = Twtr/TWTwitterClient.h; sourceTree = "<group>"; };
		A092E6F21E3FF3D3008D43DB /* TWTwitterClient.m */ = {isa = PBXFileReference; fileEncoding = 4; lastKnownFileType = sourcecode.c.objc; name = TWTwitterClient.m; path = Twtr/TWTwitterClient.m; sourceTree = "<group>"; };
		A0C651B71E40064300679C97 /* Twtr.entitlements */ = {isa = PBXFileReference; lastKnownFileType = text.plist.entitlements; path = Twtr.entitlements; sourceTree = "<group>"; };
		A0C651B81E40068E00679C97 /* TWUser.h */ = {isa = PBXFileReference; fileEncoding = 4; lastKnownFileType = sourcecode.c.h; name = TWUser.h; path = /Users/mwlee/codepath/Twtr/Twtr/TWUser.h; sourceTree = "<absolute>"; };
		A0C651B91E40068E00679C97 /* TWUser.m */ = {isa = PBXFileReference; fileEncoding = 4; lastKnownFileType = sourcecode.c.objc; name = TWUser.m; path = Twtr/TWUser.m; sourceTree = "<group>"; };
		A0C651BB1E4006A200679C97 /* TWTweet.h */ = {isa = PBXFileReference; fileEncoding = 4; lastKnownFileType = sourcecode.c.h; name = TWTweet.h; path = Twtr/TWTweet.h; sourceTree = "<group>"; };
		A0C651BC1E4006A200679C97 /* TWTweet.m */ = {isa = PBXFileReference; fileEncoding = 4; lastKnownFileType = sourcecode.c.objc; name = TWTweet.m; path = Twtr/TWTweet.m; sourceTree = "<group>"; };
		A0CD53A81E41669700B19507 /* TWComposeViewController.h */ = {isa = PBXFileReference; fileEncoding = 4; lastKnownFileType = sourcecode.c.h; path = TWComposeViewController.h; sourceTree = "<group>"; };
		A0CD53A91E41669700B19507 /* TWComposeViewController.m */ = {isa = PBXFileReference; fileEncoding = 4; lastKnownFileType = sourcecode.c.objc; path = TWComposeViewController.m; sourceTree = "<group>"; };
		A0CD53AA1E41669700B19507 /* TWComposeViewController.xib */ = {isa = PBXFileReference; fileEncoding = 4; lastKnownFileType = file.xib; path = TWComposeViewController.xib; sourceTree = "<group>"; };
		A0CD53EC1E428B5100B19507 /* TWDetailViewController.h */ = {isa = PBXFileReference; fileEncoding = 4; lastKnownFileType = sourcecode.c.h; name = TWDetailViewController.h; path = Twtr/TWDetailViewController.h; sourceTree = "<group>"; };
		A0CD53ED1E428B5100B19507 /* TWDetailViewController.m */ = {isa = PBXFileReference; fileEncoding = 4; lastKnownFileType = sourcecode.c.objc; name = TWDetailViewController.m; path = Twtr/TWDetailViewController.m; sourceTree = "<group>"; };
		A0CD53EE1E428B5100B19507 /* TWDetailViewController.xib */ = {isa = PBXFileReference; fileEncoding = 4; lastKnownFileType = file.xib; name = TWDetailViewController.xib; path = Twtr/TWDetailViewController.xib; sourceTree = "<group>"; };
		A0CD53F11E42B1CC00B19507 /* TWNavigationManager.h */ = {isa = PBXFileReference; fileEncoding = 4; lastKnownFileType = sourcecode.c.h; path = TWNavigationManager.h; sourceTree = "<group>"; };
		A0CD53F21E42B1CC00B19507 /* TWNavigationManager.m */ = {isa = PBXFileReference; fileEncoding = 4; lastKnownFileType = sourcecode.c.objc; path = TWNavigationManager.m; sourceTree = "<group>"; };
		CDC1B33C427D3F1352111B58 /* libPods-TwtrTests.a */ = {isa = PBXFileReference; explicitFileType = archive.ar; includeInIndex = 0; path = "libPods-TwtrTests.a"; sourceTree = BUILT_PRODUCTS_DIR; };
		CED57599418A51A0DF4CBB67 /* Pods-TwtrUITests.debug.xcconfig */ = {isa = PBXFileReference; includeInIndex = 1; lastKnownFileType = text.xcconfig; name = "Pods-TwtrUITests.debug.xcconfig"; path = "Pods/Target Support Files/Pods-TwtrUITests/Pods-TwtrUITests.debug.xcconfig"; sourceTree = "<group>"; };
		DA6EAF0DE776A9015A60F6DF /* libPods-Twtr.a */ = {isa = PBXFileReference; explicitFileType = archive.ar; includeInIndex = 0; path = "libPods-Twtr.a"; sourceTree = BUILT_PRODUCTS_DIR; };
		DC309B54F168B42E9E9A9B47 /* Pods-Twtr.debug.xcconfig */ = {isa = PBXFileReference; includeInIndex = 1; lastKnownFileType = text.xcconfig; name = "Pods-Twtr.debug.xcconfig"; path = "Pods/Target Support Files/Pods-Twtr/Pods-Twtr.debug.xcconfig"; sourceTree = "<group>"; };
/* End PBXFileReference section */

/* Begin PBXFrameworksBuildPhase section */
		A092E6A41E3FBE22008D43DB /* Frameworks */ = {
			isa = PBXFrameworksBuildPhase;
			buildActionMask = 2147483647;
			files = (
				1ABA6B4A81346F4603B97E6C /* libPods-Twtr.a in Frameworks */,
			);
			runOnlyForDeploymentPostprocessing = 0;
		};
		A092E6BD1E3FBE22008D43DB /* Frameworks */ = {
			isa = PBXFrameworksBuildPhase;
			buildActionMask = 2147483647;
			files = (
				2605D65A3DF5E2397A7AF8B3 /* libPods-TwtrTests.a in Frameworks */,
			);
			runOnlyForDeploymentPostprocessing = 0;
		};
		A092E6C81E3FBE22008D43DB /* Frameworks */ = {
			isa = PBXFrameworksBuildPhase;
			buildActionMask = 2147483647;
			files = (
				C5CC71F96751EC7F572E7E9E /* libPods-TwtrUITests.a in Frameworks */,
			);
			runOnlyForDeploymentPostprocessing = 0;
		};
/* End PBXFrameworksBuildPhase section */

/* Begin PBXGroup section */
		0A09B9A8B73BC006C4DE8405 /* Pods */ = {
			isa = PBXGroup;
			children = (
				DC309B54F168B42E9E9A9B47 /* Pods-Twtr.debug.xcconfig */,
				2A76C048204BC8FAB203DE2B /* Pods-Twtr.release.xcconfig */,
				9AC7EE9848D33C02A2281D3C /* Pods-TwtrTests.debug.xcconfig */,
				35F7715F18F6E2AA1B9E183C /* Pods-TwtrTests.release.xcconfig */,
				CED57599418A51A0DF4CBB67 /* Pods-TwtrUITests.debug.xcconfig */,
				1D8A213443624EA5A0750970 /* Pods-TwtrUITests.release.xcconfig */,
			);
			name = Pods;
			sourceTree = "<group>";
		};
		A092E69E1E3FBE22008D43DB = {
			isa = PBXGroup;
			children = (
				A092E6A91E3FBE22008D43DB /* Twtr */,
				A092E6C31E3FBE22008D43DB /* TwtrTests */,
				A092E6CE1E3FBE22008D43DB /* TwtrUITests */,
				A092E6A81E3FBE22008D43DB /* Products */,
				0A09B9A8B73BC006C4DE8405 /* Pods */,
				E96610FDC0C0BAD6CD62BF70 /* Frameworks */,
			);
			sourceTree = "<group>";
		};
		A092E6A81E3FBE22008D43DB /* Products */ = {
			isa = PBXGroup;
			children = (
				A092E6A71E3FBE22008D43DB /* Twtr.app */,
				A092E6C01E3FBE22008D43DB /* TwtrTests.xctest */,
				A092E6CB1E3FBE22008D43DB /* TwtrUITests.xctest */,
			);
			name = Products;
			sourceTree = "<group>";
		};
		A092E6A91E3FBE22008D43DB /* Twtr */ = {
			isa = PBXGroup;
			children = (
				A0C651BE1E4006AC00679C97 /* Model */,
				A0C651C01E40661700679C97 /* View */,
				A0C651BF1E40660800679C97 /* Controller */,
				A0C651B71E40064300679C97 /* Twtr.entitlements */,
				A092E6AD1E3FBE22008D43DB /* AppDelegate.h */,
				A092E6AE1E3FBE22008D43DB /* AppDelegate.m */,
				A0CD53F11E42B1CC00B19507 /* TWNavigationManager.h */,
				A0CD53F21E42B1CC00B19507 /* TWNavigationManager.m */,
				A092E6B61E3FBE22008D43DB /* Assets.xcassets */,
				A092E6B81E3FBE22008D43DB /* LaunchScreen.storyboard */,
				A092E6BB1E3FBE22008D43DB /* Info.plist */,
				A092E6AA1E3FBE22008D43DB /* Supporting Files */,
			);
			path = Twtr;
			sourceTree = "<group>";
		};
		A092E6AA1E3FBE22008D43DB /* Supporting Files */ = {
			isa = PBXGroup;
			children = (
				A092E6AB1E3FBE22008D43DB /* main.m */,
			);
			name = "Supporting Files";
			sourceTree = "<group>";
		};
		A092E6C31E3FBE22008D43DB /* TwtrTests */ = {
			isa = PBXGroup;
			children = (
				A092E6C41E3FBE22008D43DB /* TwtrTests.m */,
				A092E6C61E3FBE22008D43DB /* Info.plist */,
			);
			path = TwtrTests;
			sourceTree = "<group>";
		};
		A092E6CE1E3FBE22008D43DB /* TwtrUITests */ = {
			isa = PBXGroup;
			children = (
				A092E6CF1E3FBE22008D43DB /* TwtrUITests.m */,
				A092E6D11E3FBE22008D43DB /* Info.plist */,
			);
			path = TwtrUITests;
			sourceTree = "<group>";
		};
		A0C651BE1E4006AC00679C97 /* Model */ = {
			isa = PBXGroup;
			children = (
				A0C651BB1E4006A200679C97 /* TWTweet.h */,
				A0C651BC1E4006A200679C97 /* TWTweet.m */,
				A0C651B81E40068E00679C97 /* TWUser.h */,
				A0C651B91E40068E00679C97 /* TWUser.m */,
				A092E6F11E3FF3D3008D43DB /* TWTwitterClient.h */,
				A092E6F21E3FF3D3008D43DB /* TWTwitterClient.m */,
			);
			name = Model;
			path = ..;
			sourceTree = "<group>";
		};
		A0C651BF1E40660800679C97 /* Controller */ = {
			isa = PBXGroup;
			children = (
				A092E6E21E3FC3CC008D43DB /* TWListViewController.h */,
				A092E6E31E3FC3CC008D43DB /* TWListViewController.m */,
				A092E6E41E3FC3CC008D43DB /* TWListViewController.xib */,
				A092E6EC1E3FF264008D43DB /* TWLoginViewController.h */,
				A092E6ED1E3FF264008D43DB /* TWLoginViewController.m */,
				A092E6EE1E3FF264008D43DB /* TWLoginViewController.xib */,
				A0CD53A81E41669700B19507 /* TWComposeViewController.h */,
				A0CD53A91E41669700B19507 /* TWComposeViewController.m */,
				A0CD53AA1E41669700B19507 /* TWComposeViewController.xib */,
				A0CD53EC1E428B5100B19507 /* TWDetailViewController.h */,
				A0CD53ED1E428B5100B19507 /* TWDetailViewController.m */,
				A0CD53EE1E428B5100B19507 /* TWDetailViewController.xib */,
			);
			name = Controller;
			path = ..;
			sourceTree = "<group>";
		};
		A0C651C01E40661700679C97 /* View */ = {
			isa = PBXGroup;
			children = (
				A092E6E71E3FC821008D43DB /* TWTableViewCell.h */,
				A092E6E81E3FC821008D43DB /* TWTableViewCell.m */,
				A092E6E91E3FC821008D43DB /* TWTableViewCell.xib */,
			);
			name = View;
			path = ..;
			sourceTree = "<group>";
		};
		E96610FDC0C0BAD6CD62BF70 /* Frameworks */ = {
			isa = PBXGroup;
			children = (
				DA6EAF0DE776A9015A60F6DF /* libPods-Twtr.a */,
				CDC1B33C427D3F1352111B58 /* libPods-TwtrTests.a */,
				22E6C1B4242AA7AF306D382B /* libPods-TwtrUITests.a */,
			);
			name = Frameworks;
			sourceTree = "<group>";
		};
/* End PBXGroup section */

/* Begin PBXNativeTarget section */
		A092E6A61E3FBE22008D43DB /* Twtr */ = {
			isa = PBXNativeTarget;
			buildConfigurationList = A092E6D41E3FBE22008D43DB /* Build configuration list for PBXNativeTarget "Twtr" */;
			buildPhases = (
				9805347759487DC266BC001A /* [CP] Check Pods Manifest.lock */,
				A092E6A31E3FBE22008D43DB /* Sources */,
				A092E6A41E3FBE22008D43DB /* Frameworks */,
				A092E6A51E3FBE22008D43DB /* Resources */,
				762898739F017D1F33BF2E39 /* [CP] Embed Pods Frameworks */,
				5C5B79692F939E8EBF7701BA /* [CP] Copy Pods Resources */,
			);
			buildRules = (
			);
			dependencies = (
			);
			name = Twtr;
			productName = Twtr;
			productReference = A092E6A71E3FBE22008D43DB /* Twtr.app */;
			productType = "com.apple.product-type.application";
		};
		A092E6BF1E3FBE22008D43DB /* TwtrTests */ = {
			isa = PBXNativeTarget;
			buildConfigurationList = A092E6D71E3FBE22008D43DB /* Build configuration list for PBXNativeTarget "TwtrTests" */;
			buildPhases = (
				A55D1E2CD7A4BC3F2CCBB33A /* [CP] Check Pods Manifest.lock */,
				A092E6BC1E3FBE22008D43DB /* Sources */,
				A092E6BD1E3FBE22008D43DB /* Frameworks */,
				A092E6BE1E3FBE22008D43DB /* Resources */,
				1250B59AE12C4AAFC5645A0B /* [CP] Embed Pods Frameworks */,
				60EF8C109734E1AC488C6010 /* [CP] Copy Pods Resources */,
			);
			buildRules = (
			);
			dependencies = (
				A092E6C21E3FBE22008D43DB /* PBXTargetDependency */,
			);
			name = TwtrTests;
			productName = TwtrTests;
			productReference = A092E6C01E3FBE22008D43DB /* TwtrTests.xctest */;
			productType = "com.apple.product-type.bundle.unit-test";
		};
		A092E6CA1E3FBE22008D43DB /* TwtrUITests */ = {
			isa = PBXNativeTarget;
			buildConfigurationList = A092E6DA1E3FBE22008D43DB /* Build configuration list for PBXNativeTarget "TwtrUITests" */;
			buildPhases = (
				3495DB308AFC4B5A8A43255B /* [CP] Check Pods Manifest.lock */,
				A092E6C71E3FBE22008D43DB /* Sources */,
				A092E6C81E3FBE22008D43DB /* Frameworks */,
				A092E6C91E3FBE22008D43DB /* Resources */,
				56BFD3FD8F7B9CE36EDF2975 /* [CP] Embed Pods Frameworks */,
				F49D6233FF412162A1E29925 /* [CP] Copy Pods Resources */,
			);
			buildRules = (
			);
			dependencies = (
				A092E6CD1E3FBE22008D43DB /* PBXTargetDependency */,
			);
			name = TwtrUITests;
			productName = TwtrUITests;
			productReference = A092E6CB1E3FBE22008D43DB /* TwtrUITests.xctest */;
			productType = "com.apple.product-type.bundle.ui-testing";
		};
/* End PBXNativeTarget section */

/* Begin PBXProject section */
		A092E69F1E3FBE22008D43DB /* Project object */ = {
			isa = PBXProject;
			attributes = {
				LastUpgradeCheck = 0820;
				ORGANIZATIONNAME = "Min Lee";
				TargetAttributes = {
					A092E6A61E3FBE22008D43DB = {
						CreatedOnToolsVersion = 8.2.1;
						DevelopmentTeam = LW37RGT669;
						ProvisioningStyle = Automatic;
						SystemCapabilities = {
							com.apple.Keychain = {
								enabled = 1;
							};
						};
					};
					A092E6BF1E3FBE22008D43DB = {
						CreatedOnToolsVersion = 8.2.1;
						DevelopmentTeam = LW37RGT669;
						ProvisioningStyle = Automatic;
						TestTargetID = A092E6A61E3FBE22008D43DB;
					};
					A092E6CA1E3FBE22008D43DB = {
						CreatedOnToolsVersion = 8.2.1;
						DevelopmentTeam = LW37RGT669;
						ProvisioningStyle = Automatic;
						TestTargetID = A092E6A61E3FBE22008D43DB;
					};
				};
			};
			buildConfigurationList = A092E6A21E3FBE22008D43DB /* Build configuration list for PBXProject "Twtr" */;
			compatibilityVersion = "Xcode 3.2";
			developmentRegion = English;
			hasScannedForEncodings = 0;
			knownRegions = (
				en,
				Base,
			);
			mainGroup = A092E69E1E3FBE22008D43DB;
			productRefGroup = A092E6A81E3FBE22008D43DB /* Products */;
			projectDirPath = "";
			projectRoot = "";
			targets = (
				A092E6A61E3FBE22008D43DB /* Twtr */,
				A092E6BF1E3FBE22008D43DB /* TwtrTests */,
				A092E6CA1E3FBE22008D43DB /* TwtrUITests */,
			);
		};
/* End PBXProject section */

/* Begin PBXResourcesBuildPhase section */
		A092E6A51E3FBE22008D43DB /* Resources */ = {
			isa = PBXResourcesBuildPhase;
			buildActionMask = 2147483647;
			files = (
				A092E6BA1E3FBE22008D43DB /* LaunchScreen.storyboard in Resources */,
				A092E6F01E3FF264008D43DB /* TWLoginViewController.xib in Resources */,
				A0CD53F01E428B5100B19507 /* TWDetailViewController.xib in Resources */,
				A092E6E61E3FC3CC008D43DB /* TWListViewController.xib in Resources */,
				A092E6EB1E3FC821008D43DB /* TWTableViewCell.xib in Resources */,
				A0CD53AC1E41669700B19507 /* TWComposeViewController.xib in Resources */,
				A092E6B71E3FBE22008D43DB /* Assets.xcassets in Resources */,
			);
			runOnlyForDeploymentPostprocessing = 0;
		};
		A092E6BE1E3FBE22008D43DB /* Resources */ = {
			isa = PBXResourcesBuildPhase;
			buildActionMask = 2147483647;
			files = (
			);
			runOnlyForDeploymentPostprocessing = 0;
		};
		A092E6C91E3FBE22008D43DB /* Resources */ = {
			isa = PBXResourcesBuildPhase;
			buildActionMask = 2147483647;
			files = (
			);
			runOnlyForDeploymentPostprocessing = 0;
		};
/* End PBXResourcesBuildPhase section */

/* Begin PBXShellScriptBuildPhase section */
		1250B59AE12C4AAFC5645A0B /* [CP] Embed Pods Frameworks */ = {
			isa = PBXShellScriptBuildPhase;
			buildActionMask = 2147483647;
			files = (
			);
			inputPaths = (
			);
			name = "[CP] Embed Pods Frameworks";
			outputPaths = (
			);
			runOnlyForDeploymentPostprocessing = 0;
			shellPath = /bin/sh;
			shellScript = "\"${SRCROOT}/Pods/Target Support Files/Pods-TwtrTests/Pods-TwtrTests-frameworks.sh\"\n";
			showEnvVarsInLog = 0;
		};
		3495DB308AFC4B5A8A43255B /* [CP] Check Pods Manifest.lock */ = {
			isa = PBXShellScriptBuildPhase;
			buildActionMask = 2147483647;
			files = (
			);
			inputPaths = (
			);
			name = "[CP] Check Pods Manifest.lock";
			outputPaths = (
			);
			runOnlyForDeploymentPostprocessing = 0;
			shellPath = /bin/sh;
			shellScript = "diff \"${PODS_ROOT}/../Podfile.lock\" \"${PODS_ROOT}/Manifest.lock\" > /dev/null\nif [ $? != 0 ] ; then\n    # print error to STDERR\n    echo \"error: The sandbox is not in sync with the Podfile.lock. Run 'pod install' or update your CocoaPods installation.\" >&2\n    exit 1\nfi\n";
			showEnvVarsInLog = 0;
		};
		56BFD3FD8F7B9CE36EDF2975 /* [CP] Embed Pods Frameworks */ = {
			isa = PBXShellScriptBuildPhase;
			buildActionMask = 2147483647;
			files = (
			);
			inputPaths = (
			);
			name = "[CP] Embed Pods Frameworks";
			outputPaths = (
			);
			runOnlyForDeploymentPostprocessing = 0;
			shellPath = /bin/sh;
			shellScript = "\"${SRCROOT}/Pods/Target Support Files/Pods-TwtrUITests/Pods-TwtrUITests-frameworks.sh\"\n";
			showEnvVarsInLog = 0;
		};
		5C5B79692F939E8EBF7701BA /* [CP] Copy Pods Resources */ = {
			isa = PBXShellScriptBuildPhase;
			buildActionMask = 2147483647;
			files = (
			);
			inputPaths = (
			);
			name = "[CP] Copy Pods Resources";
			outputPaths = (
			);
			runOnlyForDeploymentPostprocessing = 0;
			shellPath = /bin/sh;
			shellScript = "\"${SRCROOT}/Pods/Target Support Files/Pods-Twtr/Pods-Twtr-resources.sh\"\n";
			showEnvVarsInLog = 0;
		};
		60EF8C109734E1AC488C6010 /* [CP] Copy Pods Resources */ = {
			isa = PBXShellScriptBuildPhase;
			buildActionMask = 2147483647;
			files = (
			);
			inputPaths = (
			);
			name = "[CP] Copy Pods Resources";
			outputPaths = (
			);
			runOnlyForDeploymentPostprocessing = 0;
			shellPath = /bin/sh;
			shellScript = "\"${SRCROOT}/Pods/Target Support Files/Pods-TwtrTests/Pods-TwtrTests-resources.sh\"\n";
			showEnvVarsInLog = 0;
		};
		762898739F017D1F33BF2E39 /* [CP] Embed Pods Frameworks */ = {
			isa = PBXShellScriptBuildPhase;
			buildActionMask = 2147483647;
			files = (
			);
			inputPaths = (
			);
			name = "[CP] Embed Pods Frameworks";
			outputPaths = (
			);
			runOnlyForDeploymentPostprocessing = 0;
			shellPath = /bin/sh;
			shellScript = "\"${SRCROOT}/Pods/Target Support Files/Pods-Twtr/Pods-Twtr-frameworks.sh\"\n";
			showEnvVarsInLog = 0;
		};
		9805347759487DC266BC001A /* [CP] Check Pods Manifest.lock */ = {
			isa = PBXShellScriptBuildPhase;
			buildActionMask = 2147483647;
			files = (
			);
			inputPaths = (
			);
			name = "[CP] Check Pods Manifest.lock";
			outputPaths = (
			);
			runOnlyForDeploymentPostprocessing = 0;
			shellPath = /bin/sh;
			shellScript = "diff \"${PODS_ROOT}/../Podfile.lock\" \"${PODS_ROOT}/Manifest.lock\" > /dev/null\nif [ $? != 0 ] ; then\n    # print error to STDERR\n    echo \"error: The sandbox is not in sync with the Podfile.lock. Run 'pod install' or update your CocoaPods installation.\" >&2\n    exit 1\nfi\n";
			showEnvVarsInLog = 0;
		};
		A55D1E2CD7A4BC3F2CCBB33A /* [CP] Check Pods Manifest.lock */ = {
			isa = PBXShellScriptBuildPhase;
			buildActionMask = 2147483647;
			files = (
			);
			inputPaths = (
			);
			name = "[CP] Check Pods Manifest.lock";
			outputPaths = (
			);
			runOnlyForDeploymentPostprocessing = 0;
			shellPath = /bin/sh;
			shellScript = "diff \"${PODS_ROOT}/../Podfile.lock\" \"${PODS_ROOT}/Manifest.lock\" > /dev/null\nif [ $? != 0 ] ; then\n    # print error to STDERR\n    echo \"error: The sandbox is not in sync with the Podfile.lock. Run 'pod install' or update your CocoaPods installation.\" >&2\n    exit 1\nfi\n";
			showEnvVarsInLog = 0;
		};
		F49D6233FF412162A1E29925 /* [CP] Copy Pods Resources */ = {
			isa = PBXShellScriptBuildPhase;
			buildActionMask = 2147483647;
			files = (
			);
			inputPaths = (
			);
			name = "[CP] Copy Pods Resources";
			outputPaths = (
			);
			runOnlyForDeploymentPostprocessing = 0;
			shellPath = /bin/sh;
			shellScript = "\"${SRCROOT}/Pods/Target Support Files/Pods-TwtrUITests/Pods-TwtrUITests-resources.sh\"\n";
			showEnvVarsInLog = 0;
		};
/* End PBXShellScriptBuildPhase section */

/* Begin PBXSourcesBuildPhase section */
		A092E6A31E3FBE22008D43DB /* Sources */ = {
			isa = PBXSourcesBuildPhase;
			buildActionMask = 2147483647;
			files = (
				A0C651BD1E4006A200679C97 /* TWTweet.m in Sources */,
				A0CD53F31E42B1CC00B19507 /* TWNavigationManager.m in Sources */,
				A092E6EF1E3FF264008D43DB /* TWLoginViewController.m in Sources */,
				A092E6AF1E3FBE22008D43DB /* AppDelegate.m in Sources */,
				A0CD53EF1E428B5100B19507 /* TWDetailViewController.m in Sources */,
				A092E6E51E3FC3CC008D43DB /* TWListViewController.m in Sources */,
				A092E6EA1E3FC821008D43DB /* TWTableViewCell.m in Sources */,
				A0CD53AB1E41669700B19507 /* TWComposeViewController.m in Sources */,
				A092E6AC1E3FBE22008D43DB /* main.m in Sources */,
				A0C651BA1E40068E00679C97 /* TWUser.m in Sources */,
				A092E6F31E3FF3D3008D43DB /* TWTwitterClient.m in Sources */,
			);
			runOnlyForDeploymentPostprocessing = 0;
		};
		A092E6BC1E3FBE22008D43DB /* Sources */ = {
			isa = PBXSourcesBuildPhase;
			buildActionMask = 2147483647;
			files = (
				A092E6C51E3FBE22008D43DB /* TwtrTests.m in Sources */,
			);
			runOnlyForDeploymentPostprocessing = 0;
		};
		A092E6C71E3FBE22008D43DB /* Sources */ = {
			isa = PBXSourcesBuildPhase;
			buildActionMask = 2147483647;
			files = (
				A092E6D01E3FBE22008D43DB /* TwtrUITests.m in Sources */,
			);
			runOnlyForDeploymentPostprocessing = 0;
		};
/* End PBXSourcesBuildPhase section */

/* Begin PBXTargetDependency section */
		A092E6C21E3FBE22008D43DB /* PBXTargetDependency */ = {
			isa = PBXTargetDependency;
			target = A092E6A61E3FBE22008D43DB /* Twtr */;
			targetProxy = A092E6C11E3FBE22008D43DB /* PBXContainerItemProxy */;
		};
		A092E6CD1E3FBE22008D43DB /* PBXTargetDependency */ = {
			isa = PBXTargetDependency;
			target = A092E6A61E3FBE22008D43DB /* Twtr */;
			targetProxy = A092E6CC1E3FBE22008D43DB /* PBXContainerItemProxy */;
		};
/* End PBXTargetDependency section */

/* Begin PBXVariantGroup section */
		A092E6B81E3FBE22008D43DB /* LaunchScreen.storyboard */ = {
			isa = PBXVariantGroup;
			children = (
				A092E6B91E3FBE22008D43DB /* Base */,
			);
			name = LaunchScreen.storyboard;
			sourceTree = "<group>";
		};
/* End PBXVariantGroup section */

/* Begin XCBuildConfiguration section */
		A092E6D21E3FBE22008D43DB /* Debug */ = {
			isa = XCBuildConfiguration;
			buildSettings = {
				ALWAYS_SEARCH_USER_PATHS = NO;
				CLANG_ANALYZER_NONNULL = YES;
				CLANG_CXX_LANGUAGE_STANDARD = "gnu++0x";
				CLANG_CXX_LIBRARY = "libc++";
				CLANG_ENABLE_MODULES = YES;
				CLANG_ENABLE_OBJC_ARC = YES;
				CLANG_WARN_BOOL_CONVERSION = YES;
				CLANG_WARN_CONSTANT_CONVERSION = YES;
				CLANG_WARN_DIRECT_OBJC_ISA_USAGE = YES_ERROR;
				CLANG_WARN_DOCUMENTATION_COMMENTS = YES;
				CLANG_WARN_EMPTY_BODY = YES;
				CLANG_WARN_ENUM_CONVERSION = YES;
				CLANG_WARN_INFINITE_RECURSION = YES;
				CLANG_WARN_INT_CONVERSION = YES;
				CLANG_WARN_OBJC_ROOT_CLASS = YES_ERROR;
				CLANG_WARN_SUSPICIOUS_MOVE = YES;
				CLANG_WARN_UNREACHABLE_CODE = YES;
				CLANG_WARN__DUPLICATE_METHOD_MATCH = YES;
				"CODE_SIGN_IDENTITY[sdk=iphoneos*]" = "iPhone Developer";
				COPY_PHASE_STRIP = NO;
				DEBUG_INFORMATION_FORMAT = dwarf;
				ENABLE_STRICT_OBJC_MSGSEND = YES;
				ENABLE_TESTABILITY = YES;
				GCC_C_LANGUAGE_STANDARD = gnu99;
				GCC_DYNAMIC_NO_PIC = NO;
				GCC_NO_COMMON_BLOCKS = YES;
				GCC_OPTIMIZATION_LEVEL = 0;
				GCC_PREPROCESSOR_DEFINITIONS = (
					"DEBUG=1",
					"$(inherited)",
				);
				GCC_WARN_64_TO_32_BIT_CONVERSION = YES;
				GCC_WARN_ABOUT_RETURN_TYPE = YES_ERROR;
				GCC_WARN_UNDECLARED_SELECTOR = YES;
				GCC_WARN_UNINITIALIZED_AUTOS = YES_AGGRESSIVE;
				GCC_WARN_UNUSED_FUNCTION = YES;
				GCC_WARN_UNUSED_VARIABLE = YES;
				IPHONEOS_DEPLOYMENT_TARGET = 10.2;
				MTL_ENABLE_DEBUG_INFO = YES;
				ONLY_ACTIVE_ARCH = YES;
				SDKROOT = iphoneos;
				TARGETED_DEVICE_FAMILY = "1,2";
			};
			name = Debug;
		};
		A092E6D31E3FBE22008D43DB /* Release */ = {
			isa = XCBuildConfiguration;
			buildSettings = {
				ALWAYS_SEARCH_USER_PATHS = NO;
				CLANG_ANALYZER_NONNULL = YES;
				CLANG_CXX_LANGUAGE_STANDARD = "gnu++0x";
				CLANG_CXX_LIBRARY = "libc++";
				CLANG_ENABLE_MODULES = YES;
				CLANG_ENABLE_OBJC_ARC = YES;
				CLANG_WARN_BOOL_CONVERSION = YES;
				CLANG_WARN_CONSTANT_CONVERSION = YES;
				CLANG_WARN_DIRECT_OBJC_ISA_USAGE = YES_ERROR;
				CLANG_WARN_DOCUMENTATION_COMMENTS = YES;
				CLANG_WARN_EMPTY_BODY = YES;
				CLANG_WARN_ENUM_CONVERSION = YES;
				CLANG_WARN_INFINITE_RECURSION = YES;
				CLANG_WARN_INT_CONVERSION = YES;
				CLANG_WARN_OBJC_ROOT_CLASS = YES_ERROR;
				CLANG_WARN_SUSPICIOUS_MOVE = YES;
				CLANG_WARN_UNREACHABLE_CODE = YES;
				CLANG_WARN__DUPLICATE_METHOD_MATCH = YES;
				"CODE_SIGN_IDENTITY[sdk=iphoneos*]" = "iPhone Developer";
				COPY_PHASE_STRIP = NO;
				DEBUG_INFORMATION_FORMAT = "dwarf-with-dsym";
				ENABLE_NS_ASSERTIONS = NO;
				ENABLE_STRICT_OBJC_MSGSEND = YES;
				GCC_C_LANGUAGE_STANDARD = gnu99;
				GCC_NO_COMMON_BLOCKS = YES;
				GCC_WARN_64_TO_32_BIT_CONVERSION = YES;
				GCC_WARN_ABOUT_RETURN_TYPE = YES_ERROR;
				GCC_WARN_UNDECLARED_SELECTOR = YES;
				GCC_WARN_UNINITIALIZED_AUTOS = YES_AGGRESSIVE;
				GCC_WARN_UNUSED_FUNCTION = YES;
				GCC_WARN_UNUSED_VARIABLE = YES;
				IPHONEOS_DEPLOYMENT_TARGET = 10.2;
				MTL_ENABLE_DEBUG_INFO = NO;
				SDKROOT = iphoneos;
				TARGETED_DEVICE_FAMILY = "1,2";
				VALIDATE_PRODUCT = YES;
			};
			name = Release;
		};
		A092E6D51E3FBE22008D43DB /* Debug */ = {
			isa = XCBuildConfiguration;
			baseConfigurationReference = DC309B54F168B42E9E9A9B47 /* Pods-Twtr.debug.xcconfig */;
			buildSettings = {
				ASSETCATALOG_COMPILER_APPICON_NAME = AppIcon;
				CODE_SIGN_ENTITLEMENTS = Twtr/Twtr.entitlements;
				DEVELOPMENT_TEAM = LW37RGT669;
				INFOPLIST_FILE = Twtr/Info.plist;
				LD_RUNPATH_SEARCH_PATHS = "$(inherited) @executable_path/Frameworks";
				PRODUCT_BUNDLE_IDENTIFIER = com.minwoolee.Twtr;
				PRODUCT_NAME = "$(TARGET_NAME)";
			};
			name = Debug;
		};
		A092E6D61E3FBE22008D43DB /* Release */ = {
			isa = XCBuildConfiguration;
			baseConfigurationReference = 2A76C048204BC8FAB203DE2B /* Pods-Twtr.release.xcconfig */;
			buildSettings = {
				ASSETCATALOG_COMPILER_APPICON_NAME = AppIcon;
				CODE_SIGN_ENTITLEMENTS = Twtr/Twtr.entitlements;
				DEVELOPMENT_TEAM = LW37RGT669;
				INFOPLIST_FILE = Twtr/Info.plist;
				LD_RUNPATH_SEARCH_PATHS = "$(inherited) @executable_path/Frameworks";
				PRODUCT_BUNDLE_IDENTIFIER = com.minwoolee.Twtr;
				PRODUCT_NAME = "$(TARGET_NAME)";
			};
			name = Release;
		};
		A092E6D81E3FBE22008D43DB /* Debug */ = {
			isa = XCBuildConfiguration;
			baseConfigurationReference = 9AC7EE9848D33C02A2281D3C /* Pods-TwtrTests.debug.xcconfig */;
			buildSettings = {
				BUNDLE_LOADER = "$(TEST_HOST)";
				DEVELOPMENT_TEAM = LW37RGT669;
				INFOPLIST_FILE = TwtrTests/Info.plist;
				LD_RUNPATH_SEARCH_PATHS = "$(inherited) @executable_path/Frameworks @loader_path/Frameworks";
				PRODUCT_BUNDLE_IDENTIFIER = com.minwoolee.TwtrTests;
				PRODUCT_NAME = "$(TARGET_NAME)";
				TEST_HOST = "$(BUILT_PRODUCTS_DIR)/Twtr.app/Twtr";
			};
			name = Debug;
		};
		A092E6D91E3FBE22008D43DB /* Release */ = {
			isa = XCBuildConfiguration;
			baseConfigurationReference = 35F7715F18F6E2AA1B9E183C /* Pods-TwtrTests.release.xcconfig */;
			buildSettings = {
				BUNDLE_LOADER = "$(TEST_HOST)";
				DEVELOPMENT_TEAM = LW37RGT669;
				INFOPLIST_FILE = TwtrTests/Info.plist;
				LD_RUNPATH_SEARCH_PATHS = "$(inherited) @executable_path/Frameworks @loader_path/Frameworks";
				PRODUCT_BUNDLE_IDENTIFIER = com.minwoolee.TwtrTests;
				PRODUCT_NAME = "$(TARGET_NAME)";
				TEST_HOST = "$(BUILT_PRODUCTS_DIR)/Twtr.app/Twtr";
			};
			name = Release;
		};
		A092E6DB1E3FBE22008D43DB /* Debug */ = {
			isa = XCBuildConfiguration;
			baseConfigurationReference = CED57599418A51A0DF4CBB67 /* Pods-TwtrUITests.debug.xcconfig */;
			buildSettings = {
				DEVELOPMENT_TEAM = LW37RGT669;
				INFOPLIST_FILE = TwtrUITests/Info.plist;
				LD_RUNPATH_SEARCH_PATHS = "$(inherited) @executable_path/Frameworks @loader_path/Frameworks";
				PRODUCT_BUNDLE_IDENTIFIER = com.minwoolee.TwtrUITests;
				PRODUCT_NAME = "$(TARGET_NAME)";
				TEST_TARGET_NAME = Twtr;
			};
			name = Debug;
		};
		A092E6DC1E3FBE22008D43DB /* Release */ = {
			isa = XCBuildConfiguration;
			baseConfigurationReference = 1D8A213443624EA5A0750970 /* Pods-TwtrUITests.release.xcconfig */;
			buildSettings = {
				DEVELOPMENT_TEAM = LW37RGT669;
				INFOPLIST_FILE = TwtrUITests/Info.plist;
				LD_RUNPATH_SEARCH_PATHS = "$(inherited) @executable_path/Frameworks @loader_path/Frameworks";
				PRODUCT_BUNDLE_IDENTIFIER = com.minwoolee.TwtrUITests;
				PRODUCT_NAME = "$(TARGET_NAME)";
				TEST_TARGET_NAME = Twtr;
			};
			name = Release;
		};
/* End XCBuildConfiguration section */

/* Begin XCConfigurationList section */
		A092E6A21E3FBE22008D43DB /* Build configuration list for PBXProject "Twtr" */ = {
			isa = XCConfigurationList;
			buildConfigurations = (
				A092E6D21E3FBE22008D43DB /* Debug */,
				A092E6D31E3FBE22008D43DB /* Release */,
			);
			defaultConfigurationIsVisible = 0;
			defaultConfigurationName = Release;
		};
		A092E6D41E3FBE22008D43DB /* Build configuration list for PBXNativeTarget "Twtr" */ = {
			isa = XCConfigurationList;
			buildConfigurations = (
				A092E6D51E3FBE22008D43DB /* Debug */,
				A092E6D61E3FBE22008D43DB /* Release */,
			);
			defaultConfigurationIsVisible = 0;
			defaultConfigurationName = Release;
		};
		A092E6D71E3FBE22008D43DB /* Build configuration list for PBXNativeTarget "TwtrTests" */ = {
			isa = XCConfigurationList;
			buildConfigurations = (
				A092E6D81E3FBE22008D43DB /* Debug */,
				A092E6D91E3FBE22008D43DB /* Release */,
			);
			defaultConfigurationIsVisible = 0;
			defaultConfigurationName = Release;
		};
		A092E6DA1E3FBE22008D43DB /* Build configuration list for PBXNativeTarget "TwtrUITests" */ = {
			isa = XCConfigurationList;
			buildConfigurations = (
				A092E6DB1E3FBE22008D43DB /* Debug */,
				A092E6DC1E3FBE22008D43DB /* Release */,
			);
			defaultConfigurationIsVisible = 0;
			defaultConfigurationName = Release;
		};
/* End XCConfigurationList section */
	};
	rootObject = A092E69F1E3FBE22008D43DB /* Project object */;
}
